
Microsoft Visual Studio Solution File, Format Version 12.00
# Visual Studio Version 17
VisualStudioVersion = 17.2.32616.157
MinimumVisualStudioVersion = 10.0.40219.1
Project("{FAE04EC0-301F-11D3-BF4B-00C04F79EFBC}") = "Conduzze.SimaoRossy.MVC", "Conduzze.SimaoRossy.MVC\Conduzze.SimaoRossy.MVC.csproj", "{893A2BD7-C731-4BBE-B933-1EB47D02E646}"
EndProject
Project("{FAE04EC0-301F-11D3-BF4B-00C04F79EFBC}") = "Conduzze.SimaoRossy.Data", "Conduzze.SimaoRossy.Data\Conduzze.SimaoRossy.Data.csproj", "{8DE101EF-B051-40FC-AEBE-D89523B703FE}"
EndProject
Global
	GlobalSection(SolutionConfigurationPlatforms) = preSolution
		Debug|Any CPU = Debug|Any CPU
		Release|Any CPU = Release|Any CPU
	EndGlobalSection
	GlobalSection(ProjectConfigurationPlatforms) = postSolution
		{893A2BD7-C731-4BBE-B933-1EB47D02E646}.Debug|Any CPU.ActiveCfg = Debug|Any CPU
		{893A2BD7-C731-4BBE-B933-1EB47D02E646}.Debug|Any CPU.Build.0 = Debug|Any CPU
		{893A2BD7-C731-4BBE-B933-1EB47D02E646}.Release|Any CPU.ActiveCfg = Release|Any CPU
		{893A2BD7-C731-4BBE-B933-1EB47D02E646}.Release|Any CPU.Build.0 = Release|Any CPU
		{8DE101EF-B051-40FC-AEBE-D89523B703FE}.Debug|Any CPU.ActiveCfg = Debug|Any CPU
		{8DE101EF-B051-40FC-AEBE-D89523B703FE}.Debug|Any CPU.Build.0 = Debug|Any CPU
		{8DE101EF-B051-40FC-AEBE-D89523B703FE}.Release|Any CPU.ActiveCfg = Release|Any CPU
		{8DE101EF-B051-40FC-AEBE-D89523B703FE}.Release|Any CPU.Build.0 = Release|Any CPU
	EndGlobalSection
	GlobalSection(SolutionProperties) = preSolution
		HideSolutionNode = FALSE
	EndGlobalSection
	GlobalSection(ExtensibilityGlobals) = postSolution
		SolutionGuid = {487CCE40-BA8F-4015-B903-8D9AB5ABB067}
	EndGlobalSection
EndGlobal
